Microsoft Visual Studio Solution File, Format Version 12.00
# Visual Studio 2012
Project("{FAE04EC0-301F-11D3-BF4B-00C04F79EFBC}") = "breakout", "breakout.csproj", "{A3BF3E49-5280-402B-90C5-498CABA599AF}"
EndProject
Global
	GlobalSection(SolutionConfigurationPlatforms) = preSolution
	Debug|Any CPU = Debug|Any CPU
	ExportDebug|Any CPU = ExportDebug|Any CPU
	ExportRelease|Any CPU = ExportRelease|Any CPU
	EndGlobalSection
	GlobalSection(ProjectConfigurationPlatforms) = postSolution
		{A3BF3E49-5280-402B-90C5-498CABA599AF}.Debug|Any CPU.ActiveCfg = Debug|Any CPU
		{A3BF3E49-5280-402B-90C5-498CABA599AF}.Debug|Any CPU.Build.0 = Debug|Any CPU
		{A3BF3E49-5280-402B-90C5-498CABA599AF}.ExportDebug|Any CPU.ActiveCfg = ExportDebug|Any CPU
		{A3BF3E49-5280-402B-90C5-498CABA599AF}.ExportDebug|Any CPU.Build.0 = ExportDebug|Any CPU
		{A3BF3E49-5280-402B-90C5-498CABA599AF}.ExportRelease|Any CPU.ActiveCfg = ExportRelease|Any CPU
		{A3BF3E49-5280-402B-90C5-498CABA599AF}.ExportRelease|Any CPU.Build.0 = ExportRelease|Any CPU
	EndGlobalSection
EndGlobal
